
Microsoft Visual Studio Solution File, Format Version 12.00
# Visual Studio Version 17
VisualStudioVersion = 17.9.34622.214
MinimumVisualStudioVersion = 10.0.40219.1
Project("{FAE04EC0-301F-11D3-BF4B-00C04F79EFBC}") = "QuanLiQuanCaphe", "QuanLiQuanCaphe\QuanLiQuanCaphe.csproj", "{2C206275-907C-4180-9231-92CF54E5181D}"
EndProject
Global
	GlobalSection(SolutionConfigurationPlatforms) = preSolution
		Debug|Any CPU = Debug|Any CPU
		Release|Any CPU = Release|Any CPU
	EndGlobalSection
	GlobalSection(ProjectConfigurationPlatforms) = postSolution
		{2C206275-907C-4180-9231-92CF54E5181D}.Debug|Any CPU.ActiveCfg = Debug|Any CPU
		{2C206275-907C-4180-9231-92CF54E5181D}.Debug|Any CPU.Build.0 = Debug|Any CPU
		{2C206275-907C-4180-9231-92CF54E5181D}.Release|Any CPU.ActiveCfg = Release|Any CPU
		{2C206275-907C-4180-9231-92CF54E5181D}.Release|Any CPU.Build.0 = Release|Any CPU
	EndGlobalSection
	GlobalSection(SolutionProperties) = preSolution
		HideSolutionNode = FALSE
	EndGlobalSection
	GlobalSection(ExtensibilityGlobals) = postSolution
		SolutionGuid = {3FC227BD-71BD-497F-9379-6331ACEC4FF0}
	EndGlobalSection
EndGlobal
